# THIS IS AN AUTOGENERATED FILE. DO NOT EDIT THIS FILE DIRECTLY.
# yarn lockfile v1


"@dillonchr/fetch@^1.0.1":
  version "1.0.1"
  resolved "https://registry.yarnpkg.com/@dillonchr/fetch/-/fetch-1.0.1.tgz#eb943bc6a02dbe165775567d7b693c78a774cb09"
  integrity sha512-p6uHr19b5Sd4x6rImkU1285Q/fWo/QgamYDlVd1i6I7zJbYO/76wnRel9KcuJcGacyaR5Xw7MPy2GvVnB+HpNw==

async@^3.1.0:
  version "3.1.0"
  resolved "https://registry.yarnpkg.com/async/-/async-3.1.0.tgz#42b3b12ae1b74927b5217d8c0016baaf62463772"
  integrity sha512-4vx/aaY6j/j3Lw3fbCHNWP0pPaTCew3F6F3hYyl/tHs/ndmV1q7NW9T5yuJ2XAGwdQrP+6Wu20x06U4APo/iQQ==
